// !$*UTF8*$!
{
	archiveVersion = 1;
	classes = {
	};
	objectVersion = 56;
	objects = {

/* Begin PBXBuildFile section */
		9A47CB332C8C699D002D83BB /* FirstViewController.swift in Sources */ = {isa = PBXBuildFile; fileRef = 9A47CB322C8C699D002D83BB /* FirstViewController.swift */; };
		9A57869F2C8DB21100EFE93F /* SecondViewController.swift in Sources */ = {isa = PBXBuildFile; fileRef = 9A57869E2C8DB21100EFE93F /* SecondViewController.swift */; };
		9A5786A12C8DBAA200EFE93F /* ThirdViewController.swift in Sources */ = {isa = PBXBuildFile; fileRef = 9A5786A02C8DBAA100EFE93F /* ThirdViewController.swift */; };
		9A5786A32C8DBBBA00EFE93F /* TabBarControl.swift in Sources */ = {isa = PBXBuildFile; fileRef = 9A5786A22C8DBBBA00EFE93F /* TabBarControl.swift */; };
		9AB661732C8B621200778BCE /* AppDelegate.swift in Sources */ = {isa = PBXBuildFile; fileRef = 9AB661722C8B621200778BCE /* AppDelegate.swift */; };
		9AB661752C8B621200778BCE /* SceneDelegate.swift in Sources */ = {isa = PBXBuildFile; fileRef = 9AB661742C8B621200778BCE /* SceneDelegate.swift */; };
		9AB661772C8B621200778BCE /* MainViewController.swift in Sources */ = {isa = PBXBuildFile; fileRef = 9AB661762C8B621200778BCE /* MainViewController.swift */; };
		9AB6617A2C8B621200778BCE /* Base in Resources */ = {isa = PBXBuildFile; fileRef = 9AB661792C8B621200778BCE /* Base */; };
		9AB6617C2C8B621300778BCE /* Assets.xcassets in Resources */ = {isa = PBXBuildFile; fileRef = 9AB6617B2C8B621300778BCE /* Assets.xcassets */; };
		9AB6617F2C8B621300778BCE /* Base in Resources */ = {isa = PBXBuildFile; fileRef = 9AB6617E2C8B621300778BCE /* Base */; };
		9AF14CEE2C8DA71600EAF80E /* User data.swift in Sources */ = {isa = PBXBuildFile; fileRef = 9AF14CED2C8DA71600EAF80E /* User data.swift */; };
/* End PBXBuildFile section */

/* Begin PBXFileReference section */
		9A47CB322C8C699D002D83BB /* FirstViewController.swift */ = {isa = PBXFileReference; lastKnownFileType = sourcecode.swift; path = FirstViewController.swift; sourceTree = "<group>"; };
		9A57869E2C8DB21100EFE93F /* SecondViewController.swift */ = {isa = PBXFileReference; lastKnownFileType = sourcecode.swift; path = SecondViewController.swift; sourceTree = "<group>"; };
		9A5786A02C8DBAA100EFE93F /* ThirdViewController.swift */ = {isa = PBXFileReference; lastKnownFileType = sourcecode.swift; path = ThirdViewController.swift; sourceTree = "<group>"; };
		9A5786A22C8DBBBA00EFE93F /* TabBarControl.swift */ = {isa = PBXFileReference; lastKnownFileType = sourcecode.swift; path = TabBarControl.swift; sourceTree = "<group>"; };
		9AB6616F2C8B621200778BCE /* Lesson HW 2.6 - LogUser.app */ = {isa = PBXFileReference; explicitFileType = wrapper.application; includeInIndex = 0; path = "Lesson HW 2.6 - LogUser.app"; sourceTree = BUILT_PRODUCTS_DIR; };
		9AB661722C8B621200778BCE /* AppDelegate.swift */ = {isa = PBXFileReference; lastKnownFileType = sourcecode.swift; path = AppDelegate.swift; sourceTree = "<group>"; };
		9AB661742C8B621200778BCE /* SceneDelegate.swift */ = {isa = PBXFileReference; lastKnownFileType = sourcecode.swift; path = SceneDelegate.swift; sourceTree = "<group>"; };
		9AB661762C8B621200778BCE /* MainViewController.swift */ = {isa = PBXFileReference; lastKnownFileType = sourcecode.swift; path = MainViewController.swift; sourceTree = "<group>"; };
		9AB661792C8B621200778BCE /* Base */ = {isa = PBXFileReference; lastKnownFileType = file.storyboard; name = Base; path = Base.lproj/Main.storyboard; sourceTree = "<group>"; };
		9AB6617B2C8B621300778BCE /* Assets.xcassets */ = {isa = PBXFileReference; lastKnownFileType = folder.assetcatalog; path = Assets.xcassets; sourceTree = "<group>"; };
		9AB6617E2C8B621300778BCE /* Base */ = {isa = PBXFileReference; lastKnownFileType = file.storyboard; name = Base; path = Base.lproj/LaunchScreen.storyboard; sourceTree = "<group>"; };
		9AB661802C8B621300778BCE /* Info.plist */ = {isa = PBXFileReference; lastKnownFileType = text.plist.xml; path = Info.plist; sourceTree = "<group>"; };
		9AF14CED2C8DA71600EAF80E /* User data.swift */ = {isa = PBXFileReference; lastKnownFileType = sourcecode.swift; path = "User data.swift"; sourceTree = "<group>"; };
/* End PBXFileReference section */

/* Begin PBXFrameworksBuildPhase section */
		9AB6616C2C8B621200778BCE /* Frameworks */ = {
			isa = PBXFrameworksBuildPhase;
			buildActionMask = 2147483647;
			files = (
			);
			runOnlyForDeploymentPostprocessing = 0;
		};
/* End PBXFrameworksBuildPhase section */

/* Begin PBXGroup section */
		9AB661662C8B621200778BCE = {
			isa = PBXGroup;
			children = (
				9AB661712C8B621200778BCE /* Lesson HW 2.7 - LogUser */,
				9AB661702C8B621200778BCE /* Products */,
			);
			sourceTree = "<group>";
		};
		9AB661702C8B621200778BCE /* Products */ = {
			isa = PBXGroup;
			children = (
				9AB6616F2C8B621200778BCE /* Lesson HW 2.6 - LogUser.app */,
			);
			name = Products;
			sourceTree = "<group>";
		};
		9AB661712C8B621200778BCE /* Lesson HW 2.7 - LogUser */ = {
			isa = PBXGroup;
			children = (
				9AF14CEC2C8DA5F100EAF80E /* App */,
				9AB661762C8B621200778BCE /* MainViewController.swift */,
				9A47CB322C8C699D002D83BB /* FirstViewController.swift */,
				9A57869E2C8DB21100EFE93F /* SecondViewController.swift */,
				9A5786A02C8DBAA100EFE93F /* ThirdViewController.swift */,
				9AB661782C8B621200778BCE /* Main.storyboard */,
				9A5786A22C8DBBBA00EFE93F /* TabBarControl.swift */,
				9AB6617B2C8B621300778BCE /* Assets.xcassets */,
				9AB6617D2C8B621300778BCE /* LaunchScreen.storyboard */,
				9AF14CEF2C8DA71B00EAF80E /* Moduls */,
			);
			path = "Lesson HW 2.7 - LogUser";
			sourceTree = "<group>";
		};
		9AF14CEC2C8DA5F100EAF80E /* App */ = {
			isa = PBXGroup;
			children = (
				9AB661722C8B621200778BCE /* AppDelegate.swift */,
				9AB661742C8B621200778BCE /* SceneDelegate.swift */,
				9AB661802C8B621300778BCE /* Info.plist */,
			);
			path = App;
			sourceTree = "<group>";
		};
		9AF14CEF2C8DA71B00EAF80E /* Moduls */ = {
			isa = PBXGroup;
			children = (
				9AF14CED2C8DA71600EAF80E /* User data.swift */,
			);
			path = Moduls;
			sourceTree = "<group>";
		};
/* End PBXGroup section */

/* Begin PBXNativeTarget section */
		9AB6616E2C8B621200778BCE /* Lesson HW 2.6 - LogUser */ = {
			isa = PBXNativeTarget;
			buildConfigurationList = 9AB661832C8B621300778BCE /* Build configuration list for PBXNativeTarget "Lesson HW 2.6 - LogUser" */;
			buildPhases = (
				9AB6616B2C8B621200778BCE /* Sources */,
				9AB6616C2C8B621200778BCE /* Frameworks */,
				9AB6616D2C8B621200778BCE /* Resources */,
			);
			buildRules = (
			);
			dependencies = (
			);
			name = "Lesson HW 2.6 - LogUser";
			productName = "Lesson HW 2.7 - LogUser";
			productReference = 9AB6616F2C8B621200778BCE /* Lesson HW 2.6 - LogUser.app */;
			productType = "com.apple.product-type.application";
		};
/* End PBXNativeTarget section */

/* Begin PBXProject section */
		9AB661672C8B621200778BCE /* Project object */ = {
			isa = PBXProject;
			attributes = {
				BuildIndependentTargetsInParallel = 1;
				LastSwiftUpdateCheck = 1540;
				LastUpgradeCheck = 1540;
				TargetAttributes = {
					9AB6616E2C8B621200778BCE = {
						CreatedOnToolsVersion = 15.4;
					};
				};
			};
			buildConfigurationList = 9AB6616A2C8B621200778BCE /* Build configuration list for PBXProject "Lesson HW 2.6 - LogUser" */;
			compatibilityVersion = "Xcode 14.0";
			developmentRegion = en;
			hasScannedForEncodings = 0;
			knownRegions = (
				en,
				Base,
			);
			mainGroup = 9AB661662C8B621200778BCE;
			productRefGroup = 9AB661702C8B621200778BCE /* Products */;
			projectDirPath = "";
			projectRoot = "";
			targets = (
				9AB6616E2C8B621200778BCE /* Lesson HW 2.6 - LogUser */,
			);
		};
/* End PBXProject section */

/* Begin PBXResourcesBuildPhase section */
		9AB6616D2C8B621200778BCE /* Resources */ = {
			isa = PBXResourcesBuildPhase;
			buildActionMask = 2147483647;
			files = (
				9AB6617C2C8B621300778BCE /* Assets.xcassets in Resources */,
				9AB6617F2C8B621300778BCE /* Base in Resources */,
				9AB6617A2C8B621200778BCE /* Base in Resources */,
			);
			runOnlyForDeploymentPostprocessing = 0;
		};
/* End PBXResourcesBuildPhase section */

/* Begin PBXSourcesBuildPhase section */
		9AB6616B2C8B621200778BCE /* Sources */ = {
			isa = PBXSourcesBuildPhase;
			buildActionMask = 2147483647;
			files = (
				9A57869F2C8DB21100EFE93F /* SecondViewController.swift in Sources */,
				9AB661772C8B621200778BCE /* MainViewController.swift in Sources */,
				9AB661732C8B621200778BCE /* AppDelegate.swift in Sources */,
				9A5786A32C8DBBBA00EFE93F /* TabBarControl.swift in Sources */,
				9A5786A12C8DBAA200EFE93F /* ThirdViewController.swift in Sources */,
				9AB661752C8B621200778BCE /* SceneDelegate.swift in Sources */,
				9AF14CEE2C8DA71600EAF80E /* User data.swift in Sources */,
				9A47CB332C8C699D002D83BB /* FirstViewController.swift in Sources */,
			);
			runOnlyForDeploymentPostprocessing = 0;
		};
/* End PBXSourcesBuildPhase section */

/* Begin PBXVariantGroup section */
		9AB661782C8B621200778BCE /* Main.storyboard */ = {
			isa = PBXVariantGroup;
			children = (
				9AB661792C8B621200778BCE /* Base */,
			);
			name = Main.storyboard;
			sourceTree = "<group>";
		};
		9AB6617D2C8B621300778BCE /* LaunchScreen.storyboard */ = {
			isa = PBXVariantGroup;
			children = (
				9AB6617E2C8B621300778BCE /* Base */,
			);
			name = LaunchScreen.storyboard;
			sourceTree = "<group>";
		};
/* End PBXVariantGroup section */

/* Begin XCBuildConfiguration section */
		9AB661812C8B621300778BCE /* Debug */ = {
			isa = XCBuildConfiguration;
			buildSettings = {
				ALWAYS_SEARCH_USER_PATHS = NO;
				ASSETCATALOG_COMPILER_GENERATE_SWIFT_ASSET_SYMBOL_EXTENSIONS = YES;
				CLANG_ANALYZER_NONNULL = YES;
				CLANG_ANALYZER_NUMBER_OBJECT_CONVERSION = YES_AGGRESSIVE;
				CLANG_CXX_LANGUAGE_STANDARD = "gnu++20";
				CLANG_ENABLE_MODULES = YES;
				CLANG_ENABLE_OBJC_ARC = YES;
				CLANG_ENABLE_OBJC_WEAK = YES;
				CLANG_WARN_BLOCK_CAPTURE_AUTORELEASING = YES;
				CLANG_WARN_BOOL_CONVERSION = YES;
				CLANG_WARN_COMMA = YES;
				CLANG_WARN_CONSTANT_CONVERSION = YES;
				CLANG_WARN_DEPRECATED_OBJC_IMPLEMENTATIONS = YES;
				CLANG_WARN_DIRECT_OBJC_ISA_USAGE = YES_ERROR;
				CLANG_WARN_DOCUMENTATION_COMMENTS = YES;
				CLANG_WARN_EMPTY_BODY = YES;
				CLANG_WARN_ENUM_CONVERSION = YES;
				CLANG_WARN_INFINITE_RECURSION = YES;
				CLANG_WARN_INT_CONVERSION = YES;
				CLANG_WARN_NON_LITERAL_NULL_CONVERSION = YES;
				CLANG_WARN_OBJC_IMPLICIT_RETAIN_SELF = YES;
				CLANG_WARN_OBJC_LITERAL_CONVERSION = YES;
				CLANG_WARN_OBJC_ROOT_CLASS = YES_ERROR;
				CLANG_WARN_QUOTED_INCLUDE_IN_FRAMEWORK_HEADER = YES;
				CLANG_WARN_RANGE_LOOP_ANALYSIS = YES;
				CLANG_WARN_STRICT_PROTOTYPES = YES;
				CLANG_WARN_SUSPICIOUS_MOVE = YES;
				CLANG_WARN_UNGUARDED_AVAILABILITY = YES_AGGRESSIVE;
				CLANG_WARN_UNREACHABLE_CODE = YES;
				CLANG_WARN__DUPLICATE_METHOD_MATCH = YES;
				COPY_PHASE_STRIP = NO;
				DEBUG_INFORMATION_FORMAT = dwarf;
				ENABLE_STRICT_OBJC_MSGSEND = YES;
				ENABLE_TESTABILITY = YES;
				ENABLE_USER_SCRIPT_SANDBOXING = YES;
				GCC_C_LANGUAGE_STANDARD = gnu17;
				GCC_DYNAMIC_NO_PIC = NO;
				GCC_NO_COMMON_BLOCKS = YES;
				GCC_OPTIMIZATION_LEVEL = 0;
				GCC_PREPROCESSOR_DEFINITIONS = (
					"DEBUG=1",
					"$(inherited)",
				);
				GCC_WARN_64_TO_32_BIT_CONVERSION = YES;
				GCC_WARN_ABOUT_RETURN_TYPE = YES_ERROR;
				GCC_WARN_UNDECLARED_SELECTOR = YES;
				GCC_WARN_UNINITIALIZED_AUTOS = YES_AGGRESSIVE;
				GCC_WARN_UNUSED_FUNCTION = YES;
				GCC_WARN_UNUSED_VARIABLE = YES;
				IPHONEOS_DEPLOYMENT_TARGET = 17.5;
				LOCALIZATION_PREFERS_STRING_CATALOGS = YES;
				MTL_ENABLE_DEBUG_INFO = INCLUDE_SOURCE;
				MTL_FAST_MATH = YES;
				ONLY_ACTIVE_ARCH = YES;
				SDKROOT = iphoneos;
				SWIFT_ACTIVE_COMPILATION_CONDITIONS = "DEBUG $(inherited)";
				SWIFT_OPTIMIZATION_LEVEL = "-Onone";
			};
			name = Debug;
		};
		9AB661822C8B621300778BCE /* Release */ = {
			isa = XCBuildConfiguration;
			buildSettings = {
				ALWAYS_SEARCH_USER_PATHS = NO;
				ASSETCATALOG_COMPILER_GENERATE_SWIFT_ASSET_SYMBOL_EXTENSIONS = YES;
				CLANG_ANALYZER_NONNULL = YES;
				CLANG_ANALYZER_NUMBER_OBJECT_CONVERSION = YES_AGGRESSIVE;
				CLANG_CXX_LANGUAGE_STANDARD = "gnu++20";
				CLANG_ENABLE_MODULES = YES;
				CLANG_ENABLE_OBJC_ARC = YES;
				CLANG_ENABLE_OBJC_WEAK = YES;
				CLANG_WARN_BLOCK_CAPTURE_AUTORELEASING = YES;
				CLANG_WARN_BOOL_CONVERSION = YES;
				CLANG_WARN_COMMA = YES;
				CLANG_WARN_CONSTANT_CONVERSION = YES;
				CLANG_WARN_DEPRECATED_OBJC_IMPLEMENTATIONS = YES;
				CLANG_WARN_DIRECT_OBJC_ISA_USAGE = YES_ERROR;
				CLANG_WARN_DOCUMENTATION_COMMENTS = YES;
				CLANG_WARN_EMPTY_BODY = YES;
				CLANG_WARN_ENUM_CONVERSION = YES;
				CLANG_WARN_INFINITE_RECURSION = YES;
				CLANG_WARN_INT_CONVERSION = YES;
				CLANG_WARN_NON_LITERAL_NULL_CONVERSION = YES;
				CLANG_WARN_OBJC_IMPLICIT_RETAIN_SELF = YES;
				CLANG_WARN_OBJC_LITERAL_CONVERSION = YES;
				CLANG_WARN_OBJC_ROOT_CLASS = YES_ERROR;
				CLANG_WARN_QUOTED_INCLUDE_IN_FRAMEWORK_HEADER = YES;
				CLANG_WARN_RANGE_LOOP_ANALYSIS = YES;
				CLANG_WARN_STRICT_PROTOTYPES = YES;
				CLANG_WARN_SUSPICIOUS_MOVE = YES;
				CLANG_WARN_UNGUARDED_AVAILABILITY = YES_AGGRESSIVE;
				CLANG_WARN_UNREACHABLE_CODE = YES;
				CLANG_WARN__DUPLICATE_METHOD_MATCH = YES;
				COPY_PHASE_STRIP = NO;
				DEBUG_INFORMATION_FORMAT = "dwarf-with-dsym";
				ENABLE_NS_ASSERTIONS = NO;
				ENABLE_STRICT_OBJC_MSGSEND = YES;
				ENABLE_USER_SCRIPT_SANDBOXING = YES;
				GCC_C_LANGUAGE_STANDARD = gnu17;
				GCC_NO_COMMON_BLOCKS = YES;
				GCC_WARN_64_TO_32_BIT_CONVERSION = YES;
				GCC_WARN_ABOUT_RETURN_TYPE = YES_ERROR;
				GCC_WARN_UNDECLARED_SELECTOR = YES;
				GCC_WARN_UNINITIALIZED_AUTOS = YES_AGGRESSIVE;
				GCC_WARN_UNUSED_FUNCTION = YES;
				GCC_WARN_UNUSED_VARIABLE = YES;
				IPHONEOS_DEPLOYMENT_TARGET = 17.5;
				LOCALIZATION_PREFERS_STRING_CATALOGS = YES;
				MTL_ENABLE_DEBUG_INFO = NO;
				MTL_FAST_MATH = YES;
				SDKROOT = iphoneos;
				SWIFT_COMPILATION_MODE = wholemodule;
				VALIDATE_PRODUCT = YES;
			};
			name = Release;
		};
		9AB661842C8B621300778BCE /* Debug */ = {
			isa = XCBuildConfiguration;
			buildSettings = {
				ASSETCATALOG_COMPILER_APPICON_NAME = AppIcon;
				ASSETCATALOG_COMPILER_GLOBAL_ACCENT_COLOR_NAME = AccentColor;
				CODE_SIGN_STYLE = Automatic;
				CURRENT_PROJECT_VERSION = 1;
				GENERATE_INFOPLIST_FILE = YES;
				INFOPLIST_FILE = "Lesson HW 2.7 - LogUser/App/Info.plist";
				INFOPLIST_KEY_UIApplicationSupportsIndirectInputEvents = YES;
				INFOPLIST_KEY_UILaunchStoryboardName = LaunchScreen;
				INFOPLIST_KEY_UIMainStoryboardFile = Main;
				INFOPLIST_KEY_UISupportedInterfaceOrientations = UIInterfaceOrientationPortrait;
				INFOPLIST_KEY_UISupportedInterfaceOrientations_iPad = "UIInterfaceOrientationLandscapeLeft UIInterfaceOrientationLandscapeRight UIInterfaceOrientationPortrait UIInterfaceOrientationPortraitUpsideDown";
				LD_RUNPATH_SEARCH_PATHS = (
					"$(inherited)",
					"@executable_path/Frameworks",
				);
				MARKETING_VERSION = 1.0;
				PRODUCT_BUNDLE_IDENTIFIER = "IgorOK.Lesson-HW-2-7---LogUser";
				PRODUCT_NAME = "$(TARGET_NAME)";
				SUPPORTED_PLATFORMS = "iphoneos iphonesimulator";
				SUPPORTS_MACCATALYST = NO;
				SUPPORTS_MAC_DESIGNED_FOR_IPHONE_IPAD = NO;
				SUPPORTS_XR_DESIGNED_FOR_IPHONE_IPAD = NO;
				SWIFT_EMIT_LOC_STRINGS = YES;
				SWIFT_VERSION = 5.0;
				TARGETED_DEVICE_FAMILY = 1;
			};
			name = Debug;
		};
		9AB661852C8B621300778BCE /* Release */ = {
			isa = XCBuildConfiguration;
			buildSettings = {
				ASSETCATALOG_COMPILER_APPICON_NAME = AppIcon;
				ASSETCATALOG_COMPILER_GLOBAL_ACCENT_COLOR_NAME = AccentColor;
				CODE_SIGN_STYLE = Automatic;
				CURRENT_PROJECT_VERSION = 1;
				GENERATE_INFOPLIST_FILE = YES;
				INFOPLIST_FILE = "Lesson HW 2.7 - LogUser/App/Info.plist";
				INFOPLIST_KEY_UIApplicationSupportsIndirectInputEvents = YES;
				INFOPLIST_KEY_UILaunchStoryboardName = LaunchScreen;
				INFOPLIST_KEY_UIMainStoryboardFile = Main;
				INFOPLIST_KEY_UISupportedInterfaceOrientations = UIInterfaceOrientationPortrait;
				INFOPLIST_KEY_UISupportedInterfaceOrientations_iPad = "UIInterfaceOrientationLandscapeLeft UIInterfaceOrientationLandscapeRight UIInterfaceOrientationPortrait UIInterfaceOrientationPortraitUpsideDown";
				LD_RUNPATH_SEARCH_PATHS = (
					"$(inherited)",
					"@executable_path/Frameworks",
				);
				MARKETING_VERSION = 1.0;
				PRODUCT_BUNDLE_IDENTIFIER = "IgorOK.Lesson-HW-2-7---LogUser";
				PRODUCT_NAME = "$(TARGET_NAME)";
				SUPPORTED_PLATFORMS = "iphoneos iphonesimulator";
				SUPPORTS_MACCATALYST = NO;
				SUPPORTS_MAC_DESIGNED_FOR_IPHONE_IPAD = NO;
				SUPPORTS_XR_DESIGNED_FOR_IPHONE_IPAD = NO;
				SWIFT_EMIT_LOC_STRINGS = YES;
				SWIFT_VERSION = 5.0;
				TARGETED_DEVICE_FAMILY = 1;
			};
			name = Release;
		};
/* End XCBuildConfiguration section */

/* Begin XCConfigurationList section */
		9AB6616A2C8B621200778BCE /* Build configuration list for PBXProject "Lesson HW 2.6 - LogUser" */ = {
			isa = XCConfigurationList;
			buildConfigurations = (
				9AB661812C8B621300778BCE /* Debug */,
				9AB661822C8B621300778BCE /* Release */,
			);
			defaultConfigurationIsVisible = 0;
			defaultConfigurationName = Release;
		};
		9AB661832C8B621300778BCE /* Build configuration list for PBXNativeTarget "Lesson HW 2.6 - LogUser" */ = {
			isa = XCConfigurationList;
			buildConfigurations = (
				9AB661842C8B621300778BCE /* Debug */,
				9AB661852C8B621300778BCE /* Release */,
			);
			defaultConfigurationIsVisible = 0;
			defaultConfigurationName = Release;
		};
/* End XCConfigurationList section */
	};
	rootObject = 9AB661672C8B621200778BCE /* Project object */;
}
